// !$*UTF8*$!
{
	archiveVersion = 1;
	classes = {
	};
	objectVersion = 56;
	objects = {

/* Begin PBXBuildFile section */
		CF7E78272999012A00F4C44F /* textExampleApp.swift in Sources */ = {isa = PBXBuildFile; fileRef = CF7E78262999012A00F4C44F /* textExampleApp.swift */; };
		CF7E78292999012A00F4C44F /* ContentView.swift in Sources */ = {isa = PBXBuildFile; fileRef = CF7E78282999012A00F4C44F /* ContentView.swift */; };
		CF7E782B2999012C00F4C44F /* Assets.xcassets in Resources */ = {isa = PBXBuildFile; fileRef = CF7E782A2999012C00F4C44F /* Assets.xcassets */; };
		CF7E782E2999012C00F4C44F /* Preview Assets.xcassets in Resources */ = {isa = PBXBuildFile; fileRef = CF7E782D2999012C00F4C44F /* Preview Assets.xcassets */; };
		CF7E78382999017C00F4C44F /* Quake.swift in Sources */ = {isa = PBXBuildFile; fileRef = CF7E78372999017C00F4C44F /* Quake.swift */; };
		CF7E783A2999018900F4C44F /* Quake+Color.swift in Sources */ = {isa = PBXBuildFile; fileRef = CF7E78392999018900F4C44F /* Quake+Color.swift */; };
		CF7E783C299901A000F4C44F /* Quakes.swift in Sources */ = {isa = PBXBuildFile; fileRef = CF7E783B299901A000F4C44F /* Quakes.swift */; };
		CF7E783E299901B800F4C44F /* QuakeRow.swift in Sources */ = {isa = PBXBuildFile; fileRef = CF7E783D299901B800F4C44F /* QuakeRow.swift */; };
		CF7E7840299901CA00F4C44F /* QuakeMagnitude.swift in Sources */ = {isa = PBXBuildFile; fileRef = CF7E783F299901CA00F4C44F /* QuakeMagnitude.swift */; };
		CF7E7843299901ED00F4C44F /* Quakes+Toolbar.swift in Sources */ = {isa = PBXBuildFile; fileRef = CF7E7842299901ED00F4C44F /* Quakes+Toolbar.swift */; };
		CF7E7845299901FC00F4C44F /* SelectButton.swift in Sources */ = {isa = PBXBuildFile; fileRef = CF7E7844299901FC00F4C44F /* SelectButton.swift */; };
		CF7E78472999020E00F4C44F /* EditButton.swift in Sources */ = {isa = PBXBuildFile; fileRef = CF7E78462999020E00F4C44F /* EditButton.swift */; };
		CF7E78492999021A00F4C44F /* RefreshButton.swift in Sources */ = {isa = PBXBuildFile; fileRef = CF7E78482999021A00F4C44F /* RefreshButton.swift */; };
		CF7E784B2999022500F4C44F /* ToolbarStatus.swift in Sources */ = {isa = PBXBuildFile; fileRef = CF7E784A2999022500F4C44F /* ToolbarStatus.swift */; };
		CF7E784D2999023500F4C44F /* DeleteButton.swift in Sources */ = {isa = PBXBuildFile; fileRef = CF7E784C2999023500F4C44F /* DeleteButton.swift */; };
		CF7E784F299903DD00F4C44F /* QuakeError.swift in Sources */ = {isa = PBXBuildFile; fileRef = CF7E784E299903DD00F4C44F /* QuakeError.swift */; };
		CF7E7857299904A100F4C44F /* textExampleTests.swift in Sources */ = {isa = PBXBuildFile; fileRef = CF7E7856299904A100F4C44F /* textExampleTests.swift */; };
		CF7E785E299904CC00F4C44F /* TextData.swift in Sources */ = {isa = PBXBuildFile; fileRef = CF7E785D299904CC00F4C44F /* TextData.swift */; };
		CF7E78602999081200F4C44F /* GeoJSON.swift in Sources */ = {isa = PBXBuildFile; fileRef = CF7E785F2999081200F4C44F /* GeoJSON.swift */; };
		CF7E7862299909A300F4C44F /* QuakeLocation.swift in Sources */ = {isa = PBXBuildFile; fileRef = CF7E7861299909A300F4C44F /* QuakeLocation.swift */; };
/* End PBXBuildFile section */

/* Begin PBXContainerItemProxy section */
		CF7E7858299904A100F4C44F /* PBXContainerItemProxy */ = {
			isa = PBXContainerItemProxy;
			containerPortal = CF7E781B2999012A00F4C44F /* Project object */;
			proxyType = 1;
			remoteGlobalIDString = CF7E78222999012A00F4C44F;
			remoteInfo = textExample;
		};
/* End PBXContainerItemProxy section */

/* Begin PBXFileReference section */
		CF7E78232999012A00F4C44F /* textExample.app */ = {isa = PBXFileReference; explicitFileType = wrapper.application; includeInIndex = 0; path = textExample.app; sourceTree = BUILT_PRODUCTS_DIR; };
		CF7E78262999012A00F4C44F /* textExampleApp.swift */ = {isa = PBXFileReference; lastKnownFileType = sourcecode.swift; path = textExampleApp.swift; sourceTree = "<group>"; };
		CF7E78282999012A00F4C44F /* ContentView.swift */ = {isa = PBXFileReference; lastKnownFileType = sourcecode.swift; path = ContentView.swift; sourceTree = "<group>"; };
		CF7E782A2999012C00F4C44F /* Assets.xcassets */ = {isa = PBXFileReference; lastKnownFileType = folder.assetcatalog; path = Assets.xcassets; sourceTree = "<group>"; };
		CF7E782D2999012C00F4C44F /* Preview Assets.xcassets */ = {isa = PBXFileReference; lastKnownFileType = folder.assetcatalog; path = "Preview Assets.xcassets"; sourceTree = "<group>"; };
		CF7E78372999017C00F4C44F /* Quake.swift */ = {isa = PBXFileReference; lastKnownFileType = sourcecode.swift; path = Quake.swift; sourceTree = "<group>"; };
		CF7E78392999018900F4C44F /* Quake+Color.swift */ = {isa = PBXFileReference; lastKnownFileType = sourcecode.swift; path = "Quake+Color.swift"; sourceTree = "<group>"; };
		CF7E783B299901A000F4C44F /* Quakes.swift */ = {isa = PBXFileReference; lastKnownFileType = sourcecode.swift; path = Quakes.swift; sourceTree = "<group>"; };
		CF7E783D299901B800F4C44F /* QuakeRow.swift */ = {isa = PBXFileReference; lastKnownFileType = sourcecode.swift; path = QuakeRow.swift; sourceTree = "<group>"; };
		CF7E783F299901CA00F4C44F /* QuakeMagnitude.swift */ = {isa = PBXFileReference; lastKnownFileType = sourcecode.swift; path = QuakeMagnitude.swift; sourceTree = "<group>"; };
		CF7E7842299901ED00F4C44F /* Quakes+Toolbar.swift */ = {isa = PBXFileReference; lastKnownFileType = sourcecode.swift; path = "Quakes+Toolbar.swift"; sourceTree = "<group>"; };
		CF7E7844299901FC00F4C44F /* SelectButton.swift */ = {isa = PBXFileReference; lastKnownFileType = sourcecode.swift; path = SelectButton.swift; sourceTree = "<group>"; };
		CF7E78462999020E00F4C44F /* EditButton.swift */ = {isa = PBXFileReference; lastKnownFileType = sourcecode.swift; path = EditButton.swift; sourceTree = "<group>"; };
		CF7E78482999021A00F4C44F /* RefreshButton.swift */ = {isa = PBXFileReference; lastKnownFileType = sourcecode.swift; path = RefreshButton.swift; sourceTree = "<group>"; };
		CF7E784A2999022500F4C44F /* ToolbarStatus.swift */ = {isa = PBXFileReference; lastKnownFileType = sourcecode.swift; path = ToolbarStatus.swift; sourceTree = "<group>"; };
		CF7E784C2999023500F4C44F /* DeleteButton.swift */ = {isa = PBXFileReference; lastKnownFileType = sourcecode.swift; path = DeleteButton.swift; sourceTree = "<group>"; };
		CF7E784E299903DD00F4C44F /* QuakeError.swift */ = {isa = PBXFileReference; lastKnownFileType = sourcecode.swift; path = QuakeError.swift; sourceTree = "<group>"; };
		CF7E7854299904A100F4C44F /* textExampleTests.xctest */ = {isa = PBXFileReference; explicitFileType = wrapper.cfbundle; includeInIndex = 0; path = textExampleTests.xctest; sourceTree = BUILT_PRODUCTS_DIR; };
		CF7E7856299904A100F4C44F /* textExampleTests.swift */ = {isa = PBXFileReference; lastKnownFileType = sourcecode.swift; path = textExampleTests.swift; sourceTree = "<group>"; };
		CF7E785D299904CC00F4C44F /* TextData.swift */ = {isa = PBXFileReference; lastKnownFileType = sourcecode.swift; path = TextData.swift; sourceTree = "<group>"; };
		CF7E785F2999081200F4C44F /* GeoJSON.swift */ = {isa = PBXFileReference; lastKnownFileType = sourcecode.swift; path = GeoJSON.swift; sourceTree = "<group>"; };
		CF7E7861299909A300F4C44F /* QuakeLocation.swift */ = {isa = PBXFileReference; lastKnownFileType = sourcecode.swift; path = QuakeLocation.swift; sourceTree = "<group>"; };
/* End PBXFileReference section */

/* Begin PBXFrameworksBuildPhase section */
		CF7E78202999012A00F4C44F /* Frameworks */ = {
			isa = PBXFrameworksBuildPhase;
			buildActionMask = 2147483647;
			files = (
			);
			runOnlyForDeploymentPostprocessing = 0;
		};
		CF7E7851299904A100F4C44F /* Frameworks */ = {
			isa = PBXFrameworksBuildPhase;
			buildActionMask = 2147483647;
			files = (
			);
			runOnlyForDeploymentPostprocessing = 0;
		};
/* End PBXFrameworksBuildPhase section */

/* Begin PBXGroup section */
		CF7E781A2999012A00F4C44F = {
			isa = PBXGroup;
			children = (
				CF7E78252999012A00F4C44F /* textExample */,
				CF7E7855299904A100F4C44F /* textExampleTests */,
				CF7E78242999012A00F4C44F /* Products */,
			);
			sourceTree = "<group>";
		};
		CF7E78242999012A00F4C44F /* Products */ = {
			isa = PBXGroup;
			children = (
				CF7E78232999012A00F4C44F /* textExample.app */,
				CF7E7854299904A100F4C44F /* textExampleTests.xctest */,
			);
			name = Products;
			sourceTree = "<group>";
		};
		CF7E78252999012A00F4C44F /* textExample */ = {
			isa = PBXGroup;
			children = (
				CF7E78262999012A00F4C44F /* textExampleApp.swift */,
				CF7E78282999012A00F4C44F /* ContentView.swift */,
				CF7E78352999015A00F4C44F /* Model */,
				CF7E78342999014D00F4C44F /* View */,
				CF7E78362999016000F4C44F /* Resource */,
				CF7E782C2999012C00F4C44F /* Preview Content */,
			);
			path = textExample;
			sourceTree = "<group>";
		};
		CF7E782C2999012C00F4C44F /* Preview Content */ = {
			isa = PBXGroup;
			children = (
				CF7E782D2999012C00F4C44F /* Preview Assets.xcassets */,
			);
			path = "Preview Content";
			sourceTree = "<group>";
		};
		CF7E78342999014D00F4C44F /* View */ = {
			isa = PBXGroup;
			children = (
				CF7E783B299901A000F4C44F /* Quakes.swift */,
				CF7E783D299901B800F4C44F /* QuakeRow.swift */,
				CF7E783F299901CA00F4C44F /* QuakeMagnitude.swift */,
				CF7E7841299901E200F4C44F /* ToolbarContent */,
			);
			path = View;
			sourceTree = "<group>";
		};
		CF7E78352999015A00F4C44F /* Model */ = {
			isa = PBXGroup;
			children = (
				CF7E78372999017C00F4C44F /* Quake.swift */,
				CF7E78392999018900F4C44F /* Quake+Color.swift */,
				CF7E784E299903DD00F4C44F /* QuakeError.swift */,
				CF7E785F2999081200F4C44F /* GeoJSON.swift */,
				CF7E7861299909A300F4C44F /* QuakeLocation.swift */,
			);
			path = Model;
			sourceTree = "<group>";
		};
		CF7E78362999016000F4C44F /* Resource */ = {
			isa = PBXGroup;
			children = (
				CF7E782A2999012C00F4C44F /* Assets.xcassets */,
			);
			path = Resource;
			sourceTree = "<group>";
		};
		CF7E7841299901E200F4C44F /* ToolbarContent */ = {
			isa = PBXGroup;
			children = (
				CF7E7842299901ED00F4C44F /* Quakes+Toolbar.swift */,
				CF7E7844299901FC00F4C44F /* SelectButton.swift */,
				CF7E78462999020E00F4C44F /* EditButton.swift */,
				CF7E78482999021A00F4C44F /* RefreshButton.swift */,
				CF7E784A2999022500F4C44F /* ToolbarStatus.swift */,
				CF7E784C2999023500F4C44F /* DeleteButton.swift */,
			);
			path = ToolbarContent;
			sourceTree = "<group>";
		};
		CF7E7855299904A100F4C44F /* textExampleTests */ = {
			isa = PBXGroup;
			children = (
				CF7E7856299904A100F4C44F /* textExampleTests.swift */,
				CF7E785D299904CC00F4C44F /* TextData.swift */,
			);
			path = textExampleTests;
			sourceTree = "<group>";
		};
/* End PBXGroup section */

/* Begin PBXNativeTarget section */
		CF7E78222999012A00F4C44F /* textExample */ = {
			isa = PBXNativeTarget;
			buildConfigurationList = CF7E78312999012C00F4C44F /* Build configuration list for PBXNativeTarget "textExample" */;
			buildPhases = (
				CF7E781F2999012A00F4C44F /* Sources */,
				CF7E78202999012A00F4C44F /* Frameworks */,
				CF7E78212999012A00F4C44F /* Resources */,
			);
			buildRules = (
			);
			dependencies = (
			);
			name = textExample;
			productName = textExample;
			productReference = CF7E78232999012A00F4C44F /* textExample.app */;
			productType = "com.apple.product-type.application";
		};
		CF7E7853299904A100F4C44F /* textExampleTests */ = {
			isa = PBXNativeTarget;
			buildConfigurationList = CF7E785A299904A100F4C44F /* Build configuration list for PBXNativeTarget "textExampleTests" */;
			buildPhases = (
				CF7E7850299904A100F4C44F /* Sources */,
				CF7E7851299904A100F4C44F /* Frameworks */,
				CF7E7852299904A100F4C44F /* Resources */,
			);
			buildRules = (
			);
			dependencies = (
				CF7E7859299904A100F4C44F /* PBXTargetDependency */,
			);
			name = textExampleTests;
			productName = textExampleTests;
			productReference = CF7E7854299904A100F4C44F /* textExampleTests.xctest */;
			productType = "com.apple.product-type.bundle.unit-test";
		};
/* End PBXNativeTarget section */

/* Begin PBXProject section */
		CF7E781B2999012A00F4C44F /* Project object */ = {
			isa = PBXProject;
			attributes = {
				BuildIndependentTargetsInParallel = 1;
				LastSwiftUpdateCheck = 1420;
				LastUpgradeCheck = 1420;
				TargetAttributes = {
					CF7E78222999012A00F4C44F = {
						CreatedOnToolsVersion = 14.2;
					};
					CF7E7853299904A100F4C44F = {
						CreatedOnToolsVersion = 14.2;
						TestTargetID = CF7E78222999012A00F4C44F;
					};
				};
			};
			buildConfigurationList = CF7E781E2999012A00F4C44F /* Build configuration list for PBXProject "textExample" */;
			compatibilityVersion = "Xcode 14.0";
			developmentRegion = en;
			hasScannedForEncodings = 0;
			knownRegions = (
				en,
				Base,
			);
			mainGroup = CF7E781A2999012A00F4C44F;
			productRefGroup = CF7E78242999012A00F4C44F /* Products */;
			projectDirPath = "";
			projectRoot = "";
			targets = (
				CF7E78222999012A00F4C44F /* textExample */,
				CF7E7853299904A100F4C44F /* textExampleTests */,
			);
		};
/* End PBXProject section */

/* Begin PBXResourcesBuildPhase section */
		CF7E78212999012A00F4C44F /* Resources */ = {
			isa = PBXResourcesBuildPhase;
			buildActionMask = 2147483647;
			files = (
				CF7E782E2999012C00F4C44F /* Preview Assets.xcassets in Resources */,
				CF7E782B2999012C00F4C44F /* Assets.xcassets in Resources */,
			);
			runOnlyForDeploymentPostprocessing = 0;
		};
		CF7E7852299904A100F4C44F /* Resources */ = {
			isa = PBXResourcesBuildPhase;
			buildActionMask = 2147483647;
			files = (
			);
			runOnlyForDeploymentPostprocessing = 0;
		};
/* End PBXResourcesBuildPhase section */

/* Begin PBXSourcesBuildPhase section */
		CF7E781F2999012A00F4C44F /* Sources */ = {
			isa = PBXSourcesBuildPhase;
			buildActionMask = 2147483647;
			files = (
				CF7E7845299901FC00F4C44F /* SelectButton.swift in Sources */,
				CF7E784B2999022500F4C44F /* ToolbarStatus.swift in Sources */,
				CF7E78292999012A00F4C44F /* ContentView.swift in Sources */,
				CF7E783A2999018900F4C44F /* Quake+Color.swift in Sources */,
				CF7E78492999021A00F4C44F /* RefreshButton.swift in Sources */,
				CF7E78602999081200F4C44F /* GeoJSON.swift in Sources */,
				CF7E7840299901CA00F4C44F /* QuakeMagnitude.swift in Sources */,
				CF7E78382999017C00F4C44F /* Quake.swift in Sources */,
				CF7E78472999020E00F4C44F /* EditButton.swift in Sources */,
				CF7E784F299903DD00F4C44F /* QuakeError.swift in Sources */,
				CF7E78272999012A00F4C44F /* textExampleApp.swift in Sources */,
				CF7E784D2999023500F4C44F /* DeleteButton.swift in Sources */,
				CF7E783E299901B800F4C44F /* QuakeRow.swift in Sources */,
				CF7E783C299901A000F4C44F /* Quakes.swift in Sources */,
				CF7E7862299909A300F4C44F /* QuakeLocation.swift in Sources */,
				CF7E7843299901ED00F4C44F /* Quakes+Toolbar.swift in Sources */,
			);
			runOnlyForDeploymentPostprocessing = 0;
		};
		CF7E7850299904A100F4C44F /* Sources */ = {
			isa = PBXSourcesBuildPhase;
			buildActionMask = 2147483647;
			files = (
				CF7E785E299904CC00F4C44F /* TextData.swift in Sources */,
				CF7E7857299904A100F4C44F /* textExampleTests.swift in Sources */,
			);
			runOnlyForDeploymentPostprocessing = 0;
		};
/* End PBXSourcesBuildPhase section */

/* Begin PBXTargetDependency section */
		CF7E7859299904A100F4C44F /* PBXTargetDependency */ = {
			isa = PBXTargetDependency;
			target = CF7E78222999012A00F4C44F /* textExample */;
			targetProxy = CF7E7858299904A100F4C44F /* PBXContainerItemProxy */;
		};
/* End PBXTargetDependency section */

/* Begin XCBuildConfiguration section */
		CF7E782F2999012C00F4C44F /* Debug */ = {
			isa = XCBuildConfiguration;
			buildSettings = {
				ALWAYS_SEARCH_USER_PATHS = NO;
				CLANG_ANALYZER_NONNULL = YES;
				CLANG_ANALYZER_NUMBER_OBJECT_CONVERSION = YES_AGGRESSIVE;
				CLANG_CXX_LANGUAGE_STANDARD = "gnu++20";
				CLANG_ENABLE_MODULES = YES;
				CLANG_ENABLE_OBJC_ARC = YES;
				CLANG_ENABLE_OBJC_WEAK = YES;
				CLANG_WARN_BLOCK_CAPTURE_AUTORELEASING = YES;
				CLANG_WARN_BOOL_CONVERSION = YES;
				CLANG_WARN_COMMA = YES;
				CLANG_WARN_CONSTANT_CONVERSION = YES;
				CLANG_WARN_DEPRECATED_OBJC_IMPLEMENTATIONS = YES;
				CLANG_WARN_DIRECT_OBJC_ISA_USAGE = YES_ERROR;
				CLANG_WARN_DOCUMENTATION_COMMENTS = YES;
				CLANG_WARN_EMPTY_BODY = YES;
				CLANG_WARN_ENUM_CONVERSION = YES;
				CLANG_WARN_INFINITE_RECURSION = YES;
				CLANG_WARN_INT_CONVERSION = YES;
				CLANG_WARN_NON_LITERAL_NULL_CONVERSION = YES;
				CLANG_WARN_OBJC_IMPLICIT_RETAIN_SELF = YES;
				CLANG_WARN_OBJC_LITERAL_CONVERSION = YES;
				CLANG_WARN_OBJC_ROOT_CLASS = YES_ERROR;
				CLANG_WARN_QUOTED_INCLUDE_IN_FRAMEWORK_HEADER = YES;
				CLANG_WARN_RANGE_LOOP_ANALYSIS = YES;
				CLANG_WARN_STRICT_PROTOTYPES = YES;
				CLANG_WARN_SUSPICIOUS_MOVE = YES;
				CLANG_WARN_UNGUARDED_AVAILABILITY = YES_AGGRESSIVE;
				CLANG_WARN_UNREACHABLE_CODE = YES;
				CLANG_WARN__DUPLICATE_METHOD_MATCH = YES;
				COPY_PHASE_STRIP = NO;
				DEBUG_INFORMATION_FORMAT = dwarf;
				ENABLE_STRICT_OBJC_MSGSEND = YES;
				ENABLE_TESTABILITY = YES;
				GCC_C_LANGUAGE_STANDARD = gnu11;
				GCC_DYNAMIC_NO_PIC = NO;
				GCC_NO_COMMON_BLOCKS = YES;
				GCC_OPTIMIZATION_LEVEL = 0;
				GCC_PREPROCESSOR_DEFINITIONS = (
					"DEBUG=1",
					"$(inherited)",
				);
				GCC_WARN_64_TO_32_BIT_CONVERSION = YES;
				GCC_WARN_ABOUT_RETURN_TYPE = YES_ERROR;
				GCC_WARN_UNDECLARED_SELECTOR = YES;
				GCC_WARN_UNINITIALIZED_AUTOS = YES_AGGRESSIVE;
				GCC_WARN_UNUSED_FUNCTION = YES;
				GCC_WARN_UNUSED_VARIABLE = YES;
				IPHONEOS_DEPLOYMENT_TARGET = 16.2;
				MTL_ENABLE_DEBUG_INFO = INCLUDE_SOURCE;
				MTL_FAST_MATH = YES;
				ONLY_ACTIVE_ARCH = YES;
				SDKROOT = iphoneos;
				SWIFT_ACTIVE_COMPILATION_CONDITIONS = DEBUG;
				SWIFT_OPTIMIZATION_LEVEL = "-Onone";
			};
			name = Debug;
		};
		CF7E78302999012C00F4C44F /* Release */ = {
			isa = XCBuildConfiguration;
			buildSettings = {
				ALWAYS_SEARCH_USER_PATHS = NO;
				CLANG_ANALYZER_NONNULL = YES;
				CLANG_ANALYZER_NUMBER_OBJECT_CONVERSION = YES_AGGRESSIVE;
				CLANG_CXX_LANGUAGE_STANDARD = "gnu++20";
				CLANG_ENABLE_MODULES = YES;
				CLANG_ENABLE_OBJC_ARC = YES;
				CLANG_ENABLE_OBJC_WEAK = YES;
				CLANG_WARN_BLOCK_CAPTURE_AUTORELEASING = YES;
				CLANG_WARN_BOOL_CONVERSION = YES;
				CLANG_WARN_COMMA = YES;
				CLANG_WARN_CONSTANT_CONVERSION = YES;
				CLANG_WARN_DEPRECATED_OBJC_IMPLEMENTATIONS = YES;
				CLANG_WARN_DIRECT_OBJC_ISA_USAGE = YES_ERROR;
				CLANG_WARN_DOCUMENTATION_COMMENTS = YES;
				CLANG_WARN_EMPTY_BODY = YES;
				CLANG_WARN_ENUM_CONVERSION = YES;
				CLANG_WARN_INFINITE_RECURSION = YES;
				CLANG_WARN_INT_CONVERSION = YES;
				CLANG_WARN_NON_LITERAL_NULL_CONVERSION = YES;
				CLANG_WARN_OBJC_IMPLICIT_RETAIN_SELF = YES;
				CLANG_WARN_OBJC_LITERAL_CONVERSION = YES;
				CLANG_WARN_OBJC_ROOT_CLASS = YES_ERROR;
				CLANG_WARN_QUOTED_INCLUDE_IN_FRAMEWORK_HEADER = YES;
				CLANG_WARN_RANGE_LOOP_ANALYSIS = YES;
				CLANG_WARN_STRICT_PROTOTYPES = YES;
				CLANG_WARN_SUSPICIOUS_MOVE = YES;
				CLANG_WARN_UNGUARDED_AVAILABILITY = YES_AGGRESSIVE;
				CLANG_WARN_UNREACHABLE_CODE = YES;
				CLANG_WARN__DUPLICATE_METHOD_MATCH = YES;
				COPY_PHASE_STRIP = NO;
				DEBUG_INFORMATION_FORMAT = "dwarf-with-dsym";
				ENABLE_NS_ASSERTIONS = NO;
				ENABLE_STRICT_OBJC_MSGSEND = YES;
				GCC_C_LANGUAGE_STANDARD = gnu11;
				GCC_NO_COMMON_BLOCKS = YES;
				GCC_WARN_64_TO_32_BIT_CONVERSION = YES;
				GCC_WARN_ABOUT_RETURN_TYPE = YES_ERROR;
				GCC_WARN_UNDECLARED_SELECTOR = YES;
				GCC_WARN_UNINITIALIZED_AUTOS = YES_AGGRESSIVE;
				GCC_WARN_UNUSED_FUNCTION = YES;
				GCC_WARN_UNUSED_VARIABLE = YES;
				IPHONEOS_DEPLOYMENT_TARGET = 16.2;
				MTL_ENABLE_DEBUG_INFO = NO;
				MTL_FAST_MATH = YES;
				SDKROOT = iphoneos;
				SWIFT_COMPILATION_MODE = wholemodule;
				SWIFT_OPTIMIZATION_LEVEL = "-O";
				VALIDATE_PRODUCT = YES;
			};
			name = Release;
		};
		CF7E78322999012C00F4C44F /* Debug */ = {
			isa = XCBuildConfiguration;
			buildSettings = {
				ASSETCATALOG_COMPILER_APPICON_NAME = AppIcon;
				ASSETCATALOG_COMPILER_GLOBAL_ACCENT_COLOR_NAME = AccentColor;
				CODE_SIGN_STYLE = Automatic;
				CURRENT_PROJECT_VERSION = 1;
				DEVELOPMENT_ASSET_PATHS = "\"textExample/Preview Content\"";
				DEVELOPMENT_TEAM = H84MSKJ8G9;
				ENABLE_PREVIEWS = YES;
				GENERATE_INFOPLIST_FILE = YES;
				INFOPLIST_KEY_UIApplicationSceneManifest_Generation = YES;
				INFOPLIST_KEY_UIApplicationSupportsIndirectInputEvents = YES;
				INFOPLIST_KEY_UILaunchScreen_Generation = YES;
				INFOPLIST_KEY_UISupportedInterfaceOrientations_iPad = "UIInterfaceOrientationPortrait UIInterfaceOrientationPortraitUpsideDown UIInterfaceOrientationLandscapeLeft UIInterfaceOrientationLandscapeRight";
				INFOPLIST_KEY_UISupportedInterfaceOrientations_iPhone = "UIInterfaceOrientationPortrait UIInterfaceOrientationLandscapeLeft UIInterfaceOrientationLandscapeRight";
				LD_RUNPATH_SEARCH_PATHS = (
					"$(inherited)",
					"@executable_path/Frameworks",
				);
				MARKETING_VERSION = 1.0;
				PRODUCT_BUNDLE_IDENTIFIER = com.youme.textExample;
				PRODUCT_NAME = "$(TARGET_NAME)";
				SWIFT_EMIT_LOC_STRINGS = YES;
				SWIFT_VERSION = 5.0;
				TARGETED_DEVICE_FAMILY = "1,2";
			};
			name = Debug;
		};
		CF7E78332999012C00F4C44F /* Release */ = {
			isa = XCBuildConfiguration;
			buildSettings = {
				ASSETCATALOG_COMPILER_APPICON_NAME = AppIcon;
				ASSETCATALOG_COMPILER_GLOBAL_ACCENT_COLOR_NAME = AccentColor;
				CODE_SIGN_STYLE = Automatic;
				CURRENT_PROJECT_VERSION = 1;
				DEVELOPMENT_ASSET_PATHS = "\"textExample/Preview Content\"";
				DEVELOPMENT_TEAM = H84MSKJ8G9;
				ENABLE_PREVIEWS = YES;
				GENERATE_INFOPLIST_FILE = YES;
				INFOPLIST_KEY_UIApplicationSceneManifest_Generation = YES;
				INFOPLIST_KEY_UIApplicationSupportsIndirectInputEvents = YES;
				INFOPLIST_KEY_UILaunchScreen_Generation = YES;
				INFOPLIST_KEY_UISupportedInterfaceOrientations_iPad = "UIInterfaceOrientationPortrait UIInterfaceOrientationPortraitUpsideDown UIInterfaceOrientationLandscapeLeft UIInterfaceOrientationLandscapeRight";
				INFOPLIST_KEY_UISupportedInterfaceOrientations_iPhone = "UIInterfaceOrientationPortrait UIInterfaceOrientationLandscapeLeft UIInterfaceOrientationLandscapeRight";
				LD_RUNPATH_SEARCH_PATHS = (
					"$(inherited)",
					"@executable_path/Frameworks",
				);
				MARKETING_VERSION = 1.0;
				PRODUCT_BUNDLE_IDENTIFIER = com.youme.textExample;
				PRODUCT_NAME = "$(TARGET_NAME)";
				SWIFT_EMIT_LOC_STRINGS = YES;
				SWIFT_VERSION = 5.0;
				TARGETED_DEVICE_FAMILY = "1,2";
			};
			name = Release;
		};
		CF7E785B299904A100F4C44F /* Debug */ = {
			isa = XCBuildConfiguration;
			buildSettings = {
				BUNDLE_LOADER = "$(TEST_HOST)";
				CODE_SIGN_STYLE = Automatic;
				CURRENT_PROJECT_VERSION = 1;
				DEVELOPMENT_TEAM = H84MSKJ8G9;
				GENERATE_INFOPLIST_FILE = YES;
				MARKETING_VERSION = 1.0;
				PRODUCT_BUNDLE_IDENTIFIER = com.youme.textExampleTests;
				PRODUCT_NAME = "$(TARGET_NAME)";
				SWIFT_EMIT_LOC_STRINGS = NO;
				SWIFT_VERSION = 5.0;
				TARGETED_DEVICE_FAMILY = "1,2";
				TEST_HOST = "$(BUILT_PRODUCTS_DIR)/textExample.app/$(BUNDLE_EXECUTABLE_FOLDER_PATH)/textExample";
			};
			name = Debug;
		};
		CF7E785C299904A100F4C44F /* Release */ = {
			isa = XCBuildConfiguration;
			buildSettings = {
				BUNDLE_LOADER = "$(TEST_HOST)";
				CODE_SIGN_STYLE = Automatic;
				CURRENT_PROJECT_VERSION = 1;
				DEVELOPMENT_TEAM = H84MSKJ8G9;
				GENERATE_INFOPLIST_FILE = YES;
				MARKETING_VERSION = 1.0;
				PRODUCT_BUNDLE_IDENTIFIER = com.youme.textExampleTests;
				PRODUCT_NAME = "$(TARGET_NAME)";
				SWIFT_EMIT_LOC_STRINGS = NO;
				SWIFT_VERSION = 5.0;
				TARGETED_DEVICE_FAMILY = "1,2";
				TEST_HOST = "$(BUILT_PRODUCTS_DIR)/textExample.app/$(BUNDLE_EXECUTABLE_FOLDER_PATH)/textExample";
			};
			name = Release;
		};
/* End XCBuildConfiguration section */

/* Begin XCConfigurationList section */
		CF7E781E2999012A00F4C44F /* Build configuration list for PBXProject "textExample" */ = {
			isa = XCConfigurationList;
			buildConfigurations = (
				CF7E782F2999012C00F4C44F /* Debug */,
				CF7E78302999012C00F4C44F /* Release */,
			);
			defaultConfigurationIsVisible = 0;
			defaultConfigurationName = Release;
		};
		CF7E78312999012C00F4C44F /* Build configuration list for PBXNativeTarget "textExample" */ = {
			isa = XCConfigurationList;
			buildConfigurations = (
				CF7E78322999012C00F4C44F /* Debug */,
				CF7E78332999012C00F4C44F /* Release */,
			);
			defaultConfigurationIsVisible = 0;
			defaultConfigurationName = Release;
		};
		CF7E785A299904A100F4C44F /* Build configuration list for PBXNativeTarget "textExampleTests" */ = {
			isa = XCConfigurationList;
			buildConfigurations = (
				CF7E785B299904A100F4C44F /* Debug */,
				CF7E785C299904A100F4C44F /* Release */,
			);
			defaultConfigurationIsVisible = 0;
			defaultConfigurationName = Release;
		};
/* End XCConfigurationList section */
	};
	rootObject = CF7E781B2999012A00F4C44F /* Project object */;
}
